
Microsoft Visual Studio Solution File, Format Version 12.00
# Visual Studio Version 17
VisualStudioVersion = 17.9.34622.214
MinimumVisualStudioVersion = 10.0.40219.1
Project("{FAE04EC0-301F-11D3-BF4B-00C04F79EFBC}") = "task13", "task13.csproj", "{24F6F6EB-A3D3-4E99-B127-85126FA701C1}"
EndProject
Global
	GlobalSection(SolutionConfigurationPlatforms) = preSolution
		Debug|Any CPU = Debug|Any CPU
		Release|Any CPU = Release|Any CPU
	EndGlobalSection
	GlobalSection(ProjectConfigurationPlatforms) = postSolution
		{24F6F6EB-A3D3-4E99-B127-85126FA701C1}.Debug|Any CPU.ActiveCfg = Debug|Any CPU
		{24F6F6EB-A3D3-4E99-B127-85126FA701C1}.Debug|Any CPU.Build.0 = Debug|Any CPU
		{24F6F6EB-A3D3-4E99-B127-85126FA701C1}.Release|Any CPU.ActiveCfg = Release|Any CPU
		{24F6F6EB-A3D3-4E99-B127-85126FA701C1}.Release|Any CPU.Build.0 = Release|Any CPU
	EndGlobalSection
	GlobalSection(SolutionProperties) = preSolution
		HideSolutionNode = FALSE
	EndGlobalSection
	GlobalSection(ExtensibilityGlobals) = postSolution
		SolutionGuid = {B9227A6C-1714-424F-BFED-18803D64C504}
	EndGlobalSection
EndGlobal
